github.com/TyeMcQueen/go-tutl v1.1.0 h1:KJzcCmr+QdYSZbpF0rV/LE+FZpnHEozo0/SFKLXfIus=
github.com/TyeMcQueen/go-tutl v1.1.0/go.mod h1:nW7zRt1PqznqPaES2UHtn9LjHis4KQG58b1MAlB+SWA=
github.com/TyeMcQueen/tools-gcp/trace/spans v0.0.0-20220516020627-76975362edd6 h1:Nl3tFo8lOBKUf1I/40bLpXfX9125XfTVUyCP5TimEEc=
github.com/TyeMcQueen/tools-gcp/trace/spans v0.0.0-20220516020627-76975362edd6/go.mod h1:0bHrrGLUOyUEWY1cmEqdcTJiLV9MgWJGQ7zG08yz2/M=
